<?xml version="1.0" encoding="utf-8"?>
<Project ToolsVersion="4.0" xmlns="http://schemas.microsoft.com/developer/msbuild/2003">
  <ItemGroup>
    <Filter Include="Source Files">
      <UniqueIdentifier>{4FC737F1-C7A5-4376-A066-2A32D752A2FF}</UniqueIdentifier>
      <Extensions>cpp;c;cc;cxx;def;odl;idl;hpj;bat;asm;asmx</Extensions>
    </Filter>
    <Filter Include="Header Files">
      <UniqueIdentifier>{93995380-89BD-4b04-88EB-625FBE52EBFB}</UniqueIdentifier>
      <Extensions>h;hh;hpp;hxx;hm;inl;inc;xsd;H</Extensions>
    </Filter>
    <Filter Include="Resource Files">
      <UniqueIdentifier>{67DA6AB6-F800-4c08-8B7A-83BB121AAD01}</UniqueIdentifier>
      <Extensions>rc;ico;cur;bmp;dlg;rc2;rct;bin;rgs;gif;jpg;jpeg;jpe;resx;tiff;tif;png;wav;mfcribbon-ms</Extensions>
    </Filter>
  </ItemGroup>
  <ItemGroup>
    <ClInclude Include="AABB.H">
      <Filter>Header Files</Filter>
    </ClInclude>
    <ClInclude Include="EndPoint.H">
      <Filter>Header Files</Filter>
    </ClInclude>
    <ClInclude Include="NBody.H">
      <Filter>Header Files</Filter>
    </ClInclude>
    <ClInclude Include="PairData.H">
      <Filter>Header Files</Filter>
    </ClInclude>
    <ClInclude Include="VCollide.H">
      <Filter>Header Files</Filter>
    </ClInclude>
    <ClInclude Include="VInternal.H">
      <Filter>Header Files</Filter>
    </ClInclude>
    <ClInclude Include="matvec.H">
      <Filter>Header Files</Filter>
    </ClInclude>
    <ClInclude Include="moments.H">
      <Filter>Header Files</Filter>
    </ClInclude>
    <ClInclude Include="RAPID.H">
      <Filter>Header Files</Filter>
    </ClInclude>
    <ClInclude Include="RAPID_private.H">
      <Filter>Header Files</Filter>
    </ClInclude>
    <ClInclude Include="RAPID_version.H">
      <Filter>Header Files</Filter>
    </ClInclude>
    <ClInclude Include="overlap.H">
      <Filter>Header Files</Filter>
    </ClInclude>
    <ClInclude Include="obb.H">
      <Filter>Header Files</Filter>
    </ClInclude>
    <ClInclude Include="ColDetect.h">
      <Filter>Header Files</Filter>
    </ClInclude>
    <ClInclude Include="Triangle3D.h">
      <Filter>Header Files</Filter>
    </ClInclude>
    <ClInclude Include="Point3D.h">
      <Filter>Header Files</Filter>
    </ClInclude>
    <ClInclude Include="Point2D.h">
      <Filter>Header Files</Filter>
    </ClInclude>
    <ClInclude Include="Rectangle2D.h">
      <Filter>Header Files</Filter>
    </ClInclude>
  </ItemGroup>
  <ItemGroup>
    <ClCompile Include="simple.cpp">
      <Filter>Source Files</Filter>
    </ClCompile>
    <ClCompile Include="simple2.cpp">
      <Filter>Source Files</Filter>
    </ClCompile>
    <ClCompile Include="build.cpp">
      <Filter>Source Files</Filter>
    </ClCompile>
    <ClCompile Include="collide.cpp">
      <Filter>Source Files</Filter>
    </ClCompile>
    <ClCompile Include="RAPID.cpp">
      <Filter>Source Files</Filter>
    </ClCompile>
    <ClCompile Include="sample_client.cpp">
      <Filter>Source Files</Filter>
    </ClCompile>
    <ClCompile Include="VCollide.cpp">
      <Filter>Source Files</Filter>
    </ClCompile>
    <ClCompile Include="NBody.cpp">
      <Filter>Source Files</Filter>
    </ClCompile>
    <ClCompile Include="overlap.cpp">
      <Filter>Source Files</Filter>
    </ClCompile>
    <ClCompile Include="PairData.cpp">
      <Filter>Source Files</Filter>
    </ClCompile>
    <ClCompile Include="VInternal.cpp">
      <Filter>Source Files</Filter>
    </ClCompile>
    <ClCompile Include="ColDetect.cpp">
      <Filter>Source Files</Filter>
    </ClCompile>
    <ClCompile Include="Triangle3D.cpp">
      <Filter>Source Files</Filter>
    </ClCompile>
    <ClCompile Include="Point3D.cpp">
      <Filter>Source Files</Filter>
    </ClCompile>
    <ClCompile Include="Point2D.cpp">
      <Filter>Source Files</Filter>
    </ClCompile>
    <ClCompile Include="Rectangle2D.cpp">
      <Filter>Source Files</Filter>
    </ClCompile>
  </ItemGroup>
</Project>